
Microsoft Visual Studio Solution File, Format Version 12.00
# Visual Studio 14
VisualStudioVersion = 14.0.25420.1
MinimumVisualStudioVersion = 10.0.40219.1
Project("{FAE04EC0-301F-11D3-BF4B-00C04F79EFBC}") = "StateMachineExample", "StateMachineExample\StateMachineExample.csproj", "{D7927722-1A5C-4C1F-B2C3-AB8E73A8D6A4}"
EndProject
Project("{FAE04EC0-301F-11D3-BF4B-00C04F79EFBC}") = "ActivityLib", "ActivityLib\ActivityLib.csproj", "{BD938E3A-39CE-403D-BB19-A7D3C3FE8EF0}"
EndProject
Project("{FAE04EC0-301F-11D3-BF4B-00C04F79EFBC}") = "PersistenceExample", "PersistenceExample\PersistenceExample.csproj", "{642CD414-FDE0-4155-AEAD-6CF3F81A1E90}"
EndProject
Global
	GlobalSection(SolutionConfigurationPlatforms) = preSolution
		Debug|Any CPU = Debug|Any CPU
		Release|Any CPU = Release|Any CPU
	EndGlobalSection
	GlobalSection(ProjectConfigurationPlatforms) = postSolution
		{D7927722-1A5C-4C1F-B2C3-AB8E73A8D6A4}.Debug|Any CPU.ActiveCfg = Debug|Any CPU
		{D7927722-1A5C-4C1F-B2C3-AB8E73A8D6A4}.Debug|Any CPU.Build.0 = Debug|Any CPU
		{D7927722-1A5C-4C1F-B2C3-AB8E73A8D6A4}.Release|Any CPU.ActiveCfg = Release|Any CPU
		{D7927722-1A5C-4C1F-B2C3-AB8E73A8D6A4}.Release|Any CPU.Build.0 = Release|Any CPU
		{BD938E3A-39CE-403D-BB19-A7D3C3FE8EF0}.Debug|Any CPU.ActiveCfg = Debug|Any CPU
		{BD938E3A-39CE-403D-BB19-A7D3C3FE8EF0}.Debug|Any CPU.Build.0 = Debug|Any CPU
		{BD938E3A-39CE-403D-BB19-A7D3C3FE8EF0}.Release|Any CPU.ActiveCfg = Release|Any CPU
		{BD938E3A-39CE-403D-BB19-A7D3C3FE8EF0}.Release|Any CPU.Build.0 = Release|Any CPU
		{642CD414-FDE0-4155-AEAD-6CF3F81A1E90}.Debug|Any CPU.ActiveCfg = Debug|Any CPU
		{642CD414-FDE0-4155-AEAD-6CF3F81A1E90}.Debug|Any CPU.Build.0 = Debug|Any CPU
		{642CD414-FDE0-4155-AEAD-6CF3F81A1E90}.Release|Any CPU.ActiveCfg = Release|Any CPU
		{642CD414-FDE0-4155-AEAD-6CF3F81A1E90}.Release|Any CPU.Build.0 = Release|Any CPU
	EndGlobalSection
	GlobalSection(SolutionProperties) = preSolution
		HideSolutionNode = FALSE
	EndGlobalSection
EndGlobal
